
Microsoft Visual Studio Solution File, Format Version 12.00
# Visual Studio 15
VisualStudioVersion = 15.0.27130.2036
MinimumVisualStudioVersion = 10.0.40219.1
Project("{9A19103F-16F7-4668-BE54-9A1E7A4F7556}") = "UnitTestProject", "UnitTestProject\UnitTestProject.csproj", "{3BD3E117-8136-4EAF-BF3D-9C2E2FA3F521}"
EndProject
Project("{FAE04EC0-301F-11D3-BF4B-00C04F79EFBC}") = "TaskClasses", "TaskClasses\TaskClasses.csproj", "{4CD945A4-DA12-4A97-8C7A-A6DA06341F9A}"
EndProject
Global
	GlobalSection(SolutionConfigurationPlatforms) = preSolution
		Debug|Any CPU = Debug|Any CPU
		Release|Any CPU = Release|Any CPU
	EndGlobalSection
	GlobalSection(ProjectConfigurationPlatforms) = postSolution
		{3BD3E117-8136-4EAF-BF3D-9C2E2FA3F521}.Debug|Any CPU.ActiveCfg = Debug|Any CPU
		{3BD3E117-8136-4EAF-BF3D-9C2E2FA3F521}.Debug|Any CPU.Build.0 = Debug|Any CPU
		{3BD3E117-8136-4EAF-BF3D-9C2E2FA3F521}.Release|Any CPU.ActiveCfg = Release|Any CPU
		{3BD3E117-8136-4EAF-BF3D-9C2E2FA3F521}.Release|Any CPU.Build.0 = Release|Any CPU
		{4CD945A4-DA12-4A97-8C7A-A6DA06341F9A}.Debug|Any CPU.ActiveCfg = Debug|Any CPU
		{4CD945A4-DA12-4A97-8C7A-A6DA06341F9A}.Debug|Any CPU.Build.0 = Debug|Any CPU
		{4CD945A4-DA12-4A97-8C7A-A6DA06341F9A}.Release|Any CPU.ActiveCfg = Release|Any CPU
		{4CD945A4-DA12-4A97-8C7A-A6DA06341F9A}.Release|Any CPU.Build.0 = Release|Any CPU
	EndGlobalSection
	GlobalSection(SolutionProperties) = preSolution
		HideSolutionNode = FALSE
	EndGlobalSection
	GlobalSection(ExtensibilityGlobals) = postSolution
		SolutionGuid = {F4A46D36-B0A6-499D-B8D2-3796823BE21E}
	EndGlobalSection
EndGlobal
